// !$*UTF8*$!
{
	archiveVersion = 1;
	classes = {
	};
	objectVersion = 77;
	objects = {

/* Begin PBXBuildFile section */
		17BAA1822F78250A00DDC21A /* watchtower Extension.appex in Embed Foundation Extensions */ = {isa = PBXBuildFile; fileRef = 17BAA1812F78250A00DDC21A /* watchtower Extension.appex */; settings = {ATTRIBUTES = (RemoveHeadersOnCopy, ); }; };
		17BAA18C2F78250A00DDC21A /* watchtower Extension.appex in Embed Foundation Extensions */ = {isa = PBXBuildFile; fileRef = 17BAA18B2F78250A00DDC21A /* watchtower Extension.appex */; settings = {ATTRIBUTES = (RemoveHeadersOnCopy, ); }; };
/* End PBXBuildFile section */

/* Begin PBXContainerItemProxy section */
		17BAA1832F78250A00DDC21A /* PBXContainerItemProxy */ = {
			isa = PBXContainerItemProxy;
			containerPortal = 17BAA1482F78250800DDC21A /* Project object */;
			proxyType = 1;
			remoteGlobalIDString = 17BAA1802F78250A00DDC21A;
			remoteInfo = "watchtower Extension (iOS)";
		};
		17BAA18D2F78250A00DDC21A /* PBXContainerItemProxy */ = {
			isa = PBXContainerItemProxy;
			containerPortal = 17BAA1482F78250800DDC21A /* Project object */;
			proxyType = 1;
			remoteGlobalIDString = 17BAA18A2F78250A00DDC21A;
			remoteInfo = "watchtower Extension (macOS)";
		};
/* End PBXContainerItemProxy section */

/* Begin PBXCopyFilesBuildPhase section */
		17BAA1B42F78250A00DDC21A /* Embed Foundation Extensions */ = {
			isa = PBXCopyFilesBuildPhase;
			buildActionMask = 2147483647;
			dstPath = "";
			dstSubfolderSpec = 13;
			files = (
				17BAA1822F78250A00DDC21A /* watchtower Extension.appex in Embed Foundation Extensions */,
			);
			name = "Embed Foundation Extensions";
			runOnlyForDeploymentPostprocessing = 0;
		};
		17BAA1BE2F78250A00DDC21A /* Embed Foundation Extensions */ = {
			isa = PBXCopyFilesBuildPhase;
			buildActionMask = 2147483647;
			dstPath = "";
			dstSubfolderSpec = 13;
			files = (
				17BAA18C2F78250A00DDC21A /* watchtower Extension.appex in Embed Foundation Extensions */,
			);
			name = "Embed Foundation Extensions";
			runOnlyForDeploymentPostprocessing = 0;
		};
/* End PBXCopyFilesBuildPhase section */

/* Begin PBXFileReference section */
		17BAA1642F78250A00DDC21A /* watchtower.app */ = {isa = PBXFileReference; explicitFileType = wrapper.application; includeInIndex = 0; path = watchtower.app; sourceTree = BUILT_PRODUCTS_DIR; };
		17BAA1762F78250A00DDC21A /* watchtower.app */ = {isa = PBXFileReference; explicitFileType = wrapper.application; includeInIndex = 0; path = watchtower.app; sourceTree = BUILT_PRODUCTS_DIR; };
		17BAA1812F78250A00DDC21A /* watchtower Extension.appex */ = {isa = PBXFileReference; explicitFileType = "wrapper.app-extension"; includeInIndex = 0; path = "watchtower Extension.appex"; sourceTree = BUILT_PRODUCTS_DIR; };
		17BAA18B2F78250A00DDC21A /* watchtower Extension.appex */ = {isa = PBXFileReference; explicitFileType = "wrapper.app-extension"; includeInIndex = 0; path = "watchtower Extension.appex"; sourceTree = BUILT_PRODUCTS_DIR; };
/* End PBXFileReference section */

/* Begin PBXFileSystemSynchronizedBuildFileExceptionSet section */
		17BAA1AF2F78250A00DDC21A /* Exceptions for "Shared (App)" folder in "watchtower (iOS)" target */ = {
			isa = PBXFileSystemSynchronizedBuildFileExceptionSet;
			membershipExceptions = (
				"/Localized: Resources/Main.html",
				Assets.xcassets,
				Resources/Icon.png,
				Resources/Script.js,
				Resources/Style.css,
				ViewController.swift,
			);
			target = 17BAA1632F78250A00DDC21A /* watchtower (iOS) */;
		};
		17BAA1B32F78250A00DDC21A /* Exceptions for "iOS (Extension)" folder in "watchtower Extension (iOS)" target */ = {
			isa = PBXFileSystemSynchronizedBuildFileExceptionSet;
			membershipExceptions = (
				Info.plist,
			);
			target = 17BAA1802F78250A00DDC21A /* watchtower Extension (iOS) */;
		};
		17BAA1B82F78250A00DDC21A /* Exceptions for "iOS (App)" folder in "watchtower (iOS)" target */ = {
			isa = PBXFileSystemSynchronizedBuildFileExceptionSet;
			membershipExceptions = (
				Info.plist,
			);
			target = 17BAA1632F78250A00DDC21A /* watchtower (iOS) */;
		};
		17BAA1B92F78250A00DDC21A /* Exceptions for "Shared (App)" folder in "watchtower (macOS)" target */ = {
			isa = PBXFileSystemSynchronizedBuildFileExceptionSet;
			membershipExceptions = (
				"/Localized: Resources/Main.html",
				Assets.xcassets,
				Resources/Icon.png,
				Resources/Script.js,
				Resources/Style.css,
				ViewController.swift,
			);
			target = 17BAA1752F78250A00DDC21A /* watchtower (macOS) */;
		};
		17BAA1BD2F78250A00DDC21A /* Exceptions for "macOS (Extension)" folder in "watchtower Extension (macOS)" target */ = {
			isa = PBXFileSystemSynchronizedBuildFileExceptionSet;
			membershipExceptions = (
				Info.plist,
			);
			target = 17BAA18A2F78250A00DDC21A /* watchtower Extension (macOS) */;
		};
		17BAA1C22F78250A00DDC21A /* Exceptions for "Shared (Extension)" folder in "watchtower Extension (iOS)" target */ = {
			isa = PBXFileSystemSynchronizedBuildFileExceptionSet;
			membershipExceptions = (
				Resources/_locales,
				Resources/background.js,
				Resources/content.js,
				Resources/images,
				Resources/manifest.json,
				Resources/popup.css,
				Resources/popup.html,
				Resources/popup.js,
				SafariWebExtensionHandler.swift,
			);
			target = 17BAA1802F78250A00DDC21A /* watchtower Extension (iOS) */;
		};
		17BAA1C32F78250A00DDC21A /* Exceptions for "Shared (Extension)" folder in "watchtower Extension (macOS)" target */ = {
			isa = PBXFileSystemSynchronizedBuildFileExceptionSet;
			membershipExceptions = (
				Resources/_locales,
				Resources/background.js,
				Resources/content.js,
				Resources/images,
				Resources/manifest.json,
				Resources/popup.css,
				Resources/popup.html,
				Resources/popup.js,
				SafariWebExtensionHandler.swift,
			);
			target = 17BAA18A2F78250A00DDC21A /* watchtower Extension (macOS) */;
		};
/* End PBXFileSystemSynchronizedBuildFileExceptionSet section */

/* Begin PBXFileSystemSynchronizedRootGroup section */
		17BAA14C2F78250800DDC21A /* Shared (App) */ = {
			isa = PBXFileSystemSynchronizedRootGroup;
			exceptions = (
				17BAA1AF2F78250A00DDC21A /* Exceptions for "Shared (App)" folder in "watchtower (iOS)" target */,
				17BAA1B92F78250A00DDC21A /* Exceptions for "Shared (App)" folder in "watchtower (macOS)" target */,
			);
			path = "Shared (App)";
			sourceTree = "<group>";
		};
		17BAA1552F78250A00DDC21A /* Shared (Extension) */ = {
			isa = PBXFileSystemSynchronizedRootGroup;
			exceptions = (
				17BAA1C22F78250A00DDC21A /* Exceptions for "Shared (Extension)" folder in "watchtower Extension (iOS)" target */,
				17BAA1C32F78250A00DDC21A /* Exceptions for "Shared (Extension)" folder in "watchtower Extension (macOS)" target */,
			);
			explicitFolders = (
				Resources/_locales,
				Resources/images,
			);
			path = "Shared (Extension)";
			sourceTree = "<group>";
		};
		17BAA1662F78250A00DDC21A /* iOS (App) */ = {
			isa = PBXFileSystemSynchronizedRootGroup;
			exceptions = (
				17BAA1B82F78250A00DDC21A /* Exceptions for "iOS (App)" folder in "watchtower (iOS)" target */,
			);
			path = "iOS (App)";
			sourceTree = "<group>";
		};
		17BAA1772F78250A00DDC21A /* macOS (App) */ = {
			isa = PBXFileSystemSynchronizedRootGroup;
			path = "macOS (App)";
			sourceTree = "<group>";
		};
		17BAA1852F78250A00DDC21A /* iOS (Extension) */ = {
			isa = PBXFileSystemSynchronizedRootGroup;
			exceptions = (
				17BAA1B32F78250A00DDC21A /* Exceptions for "iOS (Extension)" folder in "watchtower Extension (iOS)" target */,
			);
			path = "iOS (Extension)";
			sourceTree = "<group>";
		};
		17BAA18F2F78250A00DDC21A /* macOS (Extension) */ = {
			isa = PBXFileSystemSynchronizedRootGroup;
			exceptions = (
				17BAA1BD2F78250A00DDC21A /* Exceptions for "macOS (Extension)" folder in "watchtower Extension (macOS)" target */,
			);
			path = "macOS (Extension)";
			sourceTree = "<group>";
		};
/* End PBXFileSystemSynchronizedRootGroup section */

/* Begin PBXFrameworksBuildPhase section */
		17BAA1612F78250A00DDC21A /* Frameworks */ = {
			isa = PBXFrameworksBuildPhase;
			buildActionMask = 2147483647;
			files = (
			);
			runOnlyForDeploymentPostprocessing = 0;
		};
		17BAA1732F78250A00DDC21A /* Frameworks */ = {
			isa = PBXFrameworksBuildPhase;
			buildActionMask = 2147483647;
			files = (
			);
			runOnlyForDeploymentPostprocessing = 0;
		};
		17BAA17E2F78250A00DDC21A /* Frameworks */ = {
			isa = PBXFrameworksBuildPhase;
			buildActionMask = 2147483647;
			files = (
			);
			runOnlyForDeploymentPostprocessing = 0;
		};
		17BAA1882F78250A00DDC21A /* Frameworks */ = {
			isa = PBXFrameworksBuildPhase;
			buildActionMask = 2147483647;
			files = (
			);
			runOnlyForDeploymentPostprocessing = 0;
		};
/* End PBXFrameworksBuildPhase section */

/* Begin PBXGroup section */
		17BAA1472F78250800DDC21A = {
			isa = PBXGroup;
			children = (
				17BAA14C2F78250800DDC21A /* Shared (App) */,
				17BAA1552F78250A00DDC21A /* Shared (Extension) */,
				17BAA1662F78250A00DDC21A /* iOS (App) */,
				17BAA1772F78250A00DDC21A /* macOS (App) */,
				17BAA1852F78250A00DDC21A /* iOS (Extension) */,
				17BAA18F2F78250A00DDC21A /* macOS (Extension) */,
				17BAA1652F78250A00DDC21A /* Products */,
			);
			sourceTree = "<group>";
		};
		17BAA1652F78250A00DDC21A /* Products */ = {
			isa = PBXGroup;
			children = (
				17BAA1642F78250A00DDC21A /* watchtower.app */,
				17BAA1762F78250A00DDC21A /* watchtower.app */,
				17BAA1812F78250A00DDC21A /* watchtower Extension.appex */,
				17BAA18B2F78250A00DDC21A /* watchtower Extension.appex */,
			);
			name = Products;
			sourceTree = "<group>";
		};
/* End PBXGroup section */

/* Begin PBXNativeTarget section */
		17BAA1632F78250A00DDC21A /* watchtower (iOS) */ = {
			isa = PBXNativeTarget;
			buildConfigurationList = 17BAA1B52F78250A00DDC21A /* Build configuration list for PBXNativeTarget "watchtower (iOS)" */;
			buildPhases = (
				17BAA1602F78250A00DDC21A /* Sources */,
				17BAA1612F78250A00DDC21A /* Frameworks */,
				17BAA1622F78250A00DDC21A /* Resources */,
				17BAA1B42F78250A00DDC21A /* Embed Foundation Extensions */,
			);
			buildRules = (
			);
			dependencies = (
				17BAA1842F78250A00DDC21A /* PBXTargetDependency */,
			);
			fileSystemSynchronizedGroups = (
				17BAA1662F78250A00DDC21A /* iOS (App) */,
			);
			name = "watchtower (iOS)";
			packageProductDependencies = (
			);
			productName = "watchtower (iOS)";
			productReference = 17BAA1642F78250A00DDC21A /* watchtower.app */;
			productType = "com.apple.product-type.application";
		};
		17BAA1752F78250A00DDC21A /* watchtower (macOS) */ = {
			isa = PBXNativeTarget;
			buildConfigurationList = 17BAA1BF2F78250A00DDC21A /* Build configuration list for PBXNativeTarget "watchtower (macOS)" */;
			buildPhases = (
				17BAA1722F78250A00DDC21A /* Sources */,
				17BAA1732F78250A00DDC21A /* Frameworks */,
				17BAA1742F78250A00DDC21A /* Resources */,
				17BAA1BE2F78250A00DDC21A /* Embed Foundation Extensions */,
			);
			buildRules = (
			);
			dependencies = (
				17BAA18E2F78250A00DDC21A /* PBXTargetDependency */,
			);
			fileSystemSynchronizedGroups = (
				17BAA1772F78250A00DDC21A /* macOS (App) */,
			);
			name = "watchtower (macOS)";
			packageProductDependencies = (
			);
			productName = "watchtower (macOS)";
			productReference = 17BAA1762F78250A00DDC21A /* watchtower.app */;
			productType = "com.apple.product-type.application";
		};
		17BAA1802F78250A00DDC21A /* watchtower Extension (iOS) */ = {
			isa = PBXNativeTarget;
			buildConfigurationList = 17BAA1B02F78250A00DDC21A /* Build configuration list for PBXNativeTarget "watchtower Extension (iOS)" */;
			buildPhases = (
				17BAA17D2F78250A00DDC21A /* Sources */,
				17BAA17E2F78250A00DDC21A /* Frameworks */,
				17BAA17F2F78250A00DDC21A /* Resources */,
			);
			buildRules = (
			);
			dependencies = (
			);
			fileSystemSynchronizedGroups = (
				17BAA1852F78250A00DDC21A /* iOS (Extension) */,
			);
			name = "watchtower Extension (iOS)";
			packageProductDependencies = (
			);
			productName = "watchtower Extension (iOS)";
			productReference = 17BAA1812F78250A00DDC21A /* watchtower Extension.appex */;
			productType = "com.apple.product-type.app-extension";
		};
		17BAA18A2F78250A00DDC21A /* watchtower Extension (macOS) */ = {
			isa = PBXNativeTarget;
			buildConfigurationList = 17BAA1BA2F78250A00DDC21A /* Build configuration list for PBXNativeTarget "watchtower Extension (macOS)" */;
			buildPhases = (
				17BAA1872F78250A00DDC21A /* Sources */,
				17BAA1882F78250A00DDC21A /* Frameworks */,
				17BAA1892F78250A00DDC21A /* Resources */,
			);
			buildRules = (
			);
			dependencies = (
			);
			fileSystemSynchronizedGroups = (
				17BAA18F2F78250A00DDC21A /* macOS (Extension) */,
			);
			name = "watchtower Extension (macOS)";
			packageProductDependencies = (
			);
			productName = "watchtower Extension (macOS)";
			productReference = 17BAA18B2F78250A00DDC21A /* watchtower Extension.appex */;
			productType = "com.apple.product-type.app-extension";
		};
/* End PBXNativeTarget section */

/* Begin PBXProject section */
		17BAA1482F78250800DDC21A /* Project object */ = {
			isa = PBXProject;
			attributes = {
				BuildIndependentTargetsInParallel = 1;
				LastSwiftUpdateCheck = 2640;
				LastUpgradeCheck = 2640;
				TargetAttributes = {
					17BAA1632F78250A00DDC21A = {
						CreatedOnToolsVersion = 26.4;
					};
					17BAA1752F78250A00DDC21A = {
						CreatedOnToolsVersion = 26.4;
					};
					17BAA1802F78250A00DDC21A = {
						CreatedOnToolsVersion = 26.4;
					};
					17BAA18A2F78250A00DDC21A = {
						CreatedOnToolsVersion = 26.4;
					};
				};
			};
			buildConfigurationList = 17BAA14B2F78250800DDC21A /* Build configuration list for PBXProject "watchtower" */;
			developmentRegion = en;
			hasScannedForEncodings = 0;
			knownRegions = (
				en,
				Base,
			);
			mainGroup = 17BAA1472F78250800DDC21A;
			minimizedProjectReferenceProxies = 1;
			preferredProjectObjectVersion = 77;
			productRefGroup = 17BAA1652F78250A00DDC21A /* Products */;
			projectDirPath = "";
			projectRoot = "";
			targets = (
				17BAA1632F78250A00DDC21A /* watchtower (iOS) */,
				17BAA1752F78250A00DDC21A /* watchtower (macOS) */,
				17BAA1802F78250A00DDC21A /* watchtower Extension (iOS) */,
				17BAA18A2F78250A00DDC21A /* watchtower Extension (macOS) */,
			);
		};
/* End PBXProject section */

/* Begin PBXResourcesBuildPhase section */
		17BAA1622F78250A00DDC21A /* Resources */ = {
			isa = PBXResourcesBuildPhase;
			buildActionMask = 2147483647;
			files = (
			);
			runOnlyForDeploymentPostprocessing = 0;
		};
		17BAA1742F78250A00DDC21A /* Resources */ = {
			isa = PBXResourcesBuildPhase;
			buildActionMask = 2147483647;
			files = (
			);
			runOnlyForDeploymentPostprocessing = 0;
		};
		17BAA17F2F78250A00DDC21A /* Resources */ = {
			isa = PBXResourcesBuildPhase;
			buildActionMask = 2147483647;
			files = (
			);
			runOnlyForDeploymentPostprocessing = 0;
		};
		17BAA1892F78250A00DDC21A /* Resources */ = {
			isa = PBXResourcesBuildPhase;
			buildActionMask = 2147483647;
			files = (
			);
			runOnlyForDeploymentPostprocessing = 0;
		};
/* End PBXResourcesBuildPhase section */

/* Begin PBXSourcesBuildPhase section */
		17BAA1602F78250A00DDC21A /* Sources */ = {
			isa = PBXSourcesBuildPhase;
			buildActionMask = 2147483647;
			files = (
			);
			runOnlyForDeploymentPostprocessing = 0;
		};
		17BAA1722F78250A00DDC21A /* Sources */ = {
			isa = PBXSourcesBuildPhase;
			buildActionMask = 2147483647;
			files = (
			);
			runOnlyForDeploymentPostprocessing = 0;
		};
		17BAA17D2F78250A00DDC21A /* Sources */ = {
			isa = PBXSourcesBuildPhase;
			buildActionMask = 2147483647;
			files = (
			);
			runOnlyForDeploymentPostprocessing = 0;
		};
		17BAA1872F78250A00DDC21A /* Sources */ = {
			isa = PBXSourcesBuildPhase;
			buildActionMask = 2147483647;
			files = (
			);
			runOnlyForDeploymentPostprocessing = 0;
		};
/* End PBXSourcesBuildPhase section */

/* Begin PBXTargetDependency section */
		17BAA1842F78250A00DDC21A /* PBXTargetDependency */ = {
			isa = PBXTargetDependency;
			target = 17BAA1802F78250A00DDC21A /* watchtower Extension (iOS) */;
			targetProxy = 17BAA1832F78250A00DDC21A /* PBXContainerItemProxy */;
		};
		17BAA18E2F78250A00DDC21A /* PBXTargetDependency */ = {
			isa = PBXTargetDependency;
			target = 17BAA18A2F78250A00DDC21A /* watchtower Extension (macOS) */;
			targetProxy = 17BAA18D2F78250A00DDC21A /* PBXContainerItemProxy */;
		};
/* End PBXTargetDependency section */

/* Begin XCBuildConfiguration section */
		17BAA1B12F78250A00DDC21A /* Debug */ = {
			isa = XCBuildConfiguration;
			buildSettings = {
				CODE_SIGN_STYLE = Automatic;
				CURRENT_PROJECT_VERSION = 1;
				GENERATE_INFOPLIST_FILE = YES;
				INFOPLIST_FILE = "iOS (Extension)/Info.plist";
				INFOPLIST_KEY_CFBundleDisplayName = "watchtower Extension";
				INFOPLIST_KEY_NSHumanReadableCopyright = "";
				IPHONEOS_DEPLOYMENT_TARGET = 15.0;
				LD_RUNPATH_SEARCH_PATHS = (
					"$(inherited)",
					"@executable_path/Frameworks",
					"@executable_path/../../Frameworks",
				);
				MARKETING_VERSION = 1.0;
				OTHER_LDFLAGS = (
					"-framework",
					SafariServices,
				);
				PRODUCT_BUNDLE_IDENTIFIER = com.coffeeanniversary.watchtower.Extension;
				PRODUCT_NAME = "watchtower Extension";
				SDKROOT = iphoneos;
				SKIP_INSTALL = YES;
				STRING_CATALOG_GENERATE_SYMBOLS = YES;
				SWIFT_APPROACHABLE_CONCURRENCY = YES;
				SWIFT_EMIT_LOC_STRINGS = YES;
				SWIFT_UPCOMING_FEATURE_MEMBER_IMPORT_VISIBILITY = YES;
				SWIFT_VERSION = 5.0;
				TARGETED_DEVICE_FAMILY = "1,2";
			};
			name = Debug;
		};
		17BAA1B22F78250A00DDC21A /* Release */ = {
			isa = XCBuildConfiguration;
			buildSettings = {
				CODE_SIGN_STYLE = Automatic;
				CURRENT_PROJECT_VERSION = 1;
				GENERATE_INFOPLIST_FILE = YES;
				INFOPLIST_FILE = "iOS (Extension)/Info.plist";
				INFOPLIST_KEY_CFBundleDisplayName = "watchtower Extension";
				INFOPLIST_KEY_NSHumanReadableCopyright = "";
				IPHONEOS_DEPLOYMENT_TARGET = 15.0;
				LD_RUNPATH_SEARCH_PATHS = (
					"$(inherited)",
					"@executable_path/Frameworks",
					"@executable_path/../../Frameworks",
				);
				MARKETING_VERSION = 1.0;
				OTHER_LDFLAGS = (
					"-framework",
					SafariServices,
				);
				PRODUCT_BUNDLE_IDENTIFIER = com.coffeeanniversary.watchtower.Extension;
				PRODUCT_NAME = "watchtower Extension";
				SDKROOT = iphoneos;
				SKIP_INSTALL = YES;
				STRING_CATALOG_GENERATE_SYMBOLS = YES;
				SWIFT_APPROACHABLE_CONCURRENCY = YES;
				SWIFT_EMIT_LOC_STRINGS = YES;
				SWIFT_UPCOMING_FEATURE_MEMBER_IMPORT_VISIBILITY = YES;
				SWIFT_VERSION = 5.0;
				TARGETED_DEVICE_FAMILY = "1,2";
				VALIDATE_PRODUCT = YES;
			};
			name = Release;
		};
		17BAA1B62F78250A00DDC21A /* Debug */ = {
			isa = XCBuildConfiguration;
			buildSettings = {
				ASSETCATALOG_COMPILER_APPICON_NAME = AppIcon;
				ASSETCATALOG_COMPILER_GLOBAL_ACCENT_COLOR_NAME = AccentColor;
				CODE_SIGN_STYLE = Automatic;
				CURRENT_PROJECT_VERSION = 1;
				GENERATE_INFOPLIST_FILE = YES;
				INFOPLIST_FILE = "iOS (App)/Info.plist";
				INFOPLIST_KEY_CFBundleDisplayName = watchtower;
				INFOPLIST_KEY_UIApplicationSupportsIndirectInputEvents = YES;
				INFOPLIST_KEY_UILaunchStoryboardName = LaunchScreen;
				INFOPLIST_KEY_UIMainStoryboardFile = Main;
				INFOPLIST_KEY_UISupportedInterfaceOrientations = "UIInterfaceOrientationPortrait UIInterfaceOrientationLandscapeLeft UIInterfaceOrientationLandscapeRight";
				INFOPLIST_KEY_UISupportedInterfaceOrientations_iPad = "UIInterfaceOrientationPortrait UIInterfaceOrientationPortraitUpsideDown UIInterfaceOrientationLandscapeLeft UIInterfaceOrientationLandscapeRight";
				IPHONEOS_DEPLOYMENT_TARGET = 15.0;
				LD_RUNPATH_SEARCH_PATHS = (
					"$(inherited)",
					"@executable_path/Frameworks",
				);
				MARKETING_VERSION = 1.0;
				OTHER_LDFLAGS = (
					"-framework",
					SafariServices,
					"-framework",
					WebKit,
				);
				PRODUCT_BUNDLE_IDENTIFIER = com.coffeeanniversary.watchtower;
				PRODUCT_NAME = watchtower;
				SDKROOT = iphoneos;
				STRING_CATALOG_GENERATE_SYMBOLS = YES;
				SWIFT_APPROACHABLE_CONCURRENCY = YES;
				SWIFT_DEFAULT_ACTOR_ISOLATION = MainActor;
				SWIFT_EMIT_LOC_STRINGS = YES;
				SWIFT_UPCOMING_FEATURE_MEMBER_IMPORT_VISIBILITY = YES;
				SWIFT_VERSION = 5.0;
				TARGETED_DEVICE_FAMILY = "1,2";
			};
			name = Debug;
		};
		17BAA1B72F78250A00DDC21A /* Release */ = {
			isa = XCBuildConfiguration;
			buildSettings = {
				ASSETCATALOG_COMPILER_APPICON_NAME = AppIcon;
				ASSETCATALOG_COMPILER_GLOBAL_ACCENT_COLOR_NAME = AccentColor;
				CODE_SIGN_STYLE = Automatic;
				CURRENT_PROJECT_VERSION = 1;
				GENERATE_INFOPLIST_FILE = YES;
				INFOPLIST_FILE = "iOS (App)/Info.plist";
				INFOPLIST_KEY_CFBundleDisplayName = watchtower;
				INFOPLIST_KEY_UIApplicationSupportsIndirectInputEvents = YES;
				INFOPLIST_KEY_UILaunchStoryboardName = LaunchScreen;
				INFOPLIST_KEY_UIMainStoryboardFile = Main;
				INFOPLIST_KEY_UISupportedInterfaceOrientations = "UIInterfaceOrientationPortrait UIInterfaceOrientationLandscapeLeft UIInterfaceOrientationLandscapeRight";
				INFOPLIST_KEY_UISupportedInterfaceOrientations_iPad = "UIInterfaceOrientationPortrait UIInterfaceOrientationPortraitUpsideDown UIInterfaceOrientationLandscapeLeft UIInterfaceOrientationLandscapeRight";
				IPHONEOS_DEPLOYMENT_TARGET = 15.0;
				LD_RUNPATH_SEARCH_PATHS = (
					"$(inherited)",
					"@executable_path/Frameworks",
				);
				MARKETING_VERSION = 1.0;
				OTHER_LDFLAGS = (
					"-framework",
					SafariServices,
					"-framework",
					WebKit,
				);
				PRODUCT_BUNDLE_IDENTIFIER = com.coffeeanniversary.watchtower;
				PRODUCT_NAME = watchtower;
				SDKROOT = iphoneos;
				STRING_CATALOG_GENERATE_SYMBOLS = YES;
				SWIFT_APPROACHABLE_CONCURRENCY = YES;
				SWIFT_DEFAULT_ACTOR_ISOLATION = MainActor;
				SWIFT_EMIT_LOC_STRINGS = YES;
				SWIFT_UPCOMING_FEATURE_MEMBER_IMPORT_VISIBILITY = YES;
				SWIFT_VERSION = 5.0;
				TARGETED_DEVICE_FAMILY = "1,2";
				VALIDATE_PRODUCT = YES;
			};
			name = Release;
		};
		17BAA1BB2F78250A00DDC21A /* Debug */ = {
			isa = XCBuildConfiguration;
			buildSettings = {
				CODE_SIGN_STYLE = Automatic;
				CURRENT_PROJECT_VERSION = 1;
				ENABLE_APP_SANDBOX = YES;
				ENABLE_HARDENED_RUNTIME = YES;
				ENABLE_USER_SELECTED_FILES = readonly;
				GENERATE_INFOPLIST_FILE = YES;
				INFOPLIST_FILE = "macOS (Extension)/Info.plist";
				INFOPLIST_KEY_CFBundleDisplayName = "watchtower Extension";
				INFOPLIST_KEY_NSHumanReadableCopyright = "";
				LD_RUNPATH_SEARCH_PATHS = (
					"$(inherited)",
					"@executable_path/../Frameworks",
					"@executable_path/../../../../Frameworks",
				);
				MACOSX_DEPLOYMENT_TARGET = 10.14;
				MARKETING_VERSION = 1.0;
				OTHER_LDFLAGS = (
					"-framework",
					SafariServices,
				);
				PRODUCT_BUNDLE_IDENTIFIER = com.coffeeanniversary.watchtower.Extension;
				PRODUCT_NAME = "watchtower Extension";
				SDKROOT = macosx;
				SKIP_INSTALL = YES;
				STRING_CATALOG_GENERATE_SYMBOLS = YES;
				SWIFT_APPROACHABLE_CONCURRENCY = YES;
				SWIFT_EMIT_LOC_STRINGS = YES;
				SWIFT_UPCOMING_FEATURE_MEMBER_IMPORT_VISIBILITY = YES;
				SWIFT_VERSION = 5.0;
			};
			name = Debug;
		};
		17BAA1BC2F78250A00DDC21A /* Release */ = {
			isa = XCBuildConfiguration;
			buildSettings = {
				CODE_SIGN_STYLE = Automatic;
				CURRENT_PROJECT_VERSION = 1;
				ENABLE_APP_SANDBOX = YES;
				ENABLE_HARDENED_RUNTIME = YES;
				ENABLE_USER_SELECTED_FILES = readonly;
				GENERATE_INFOPLIST_FILE = YES;
				INFOPLIST_FILE = "macOS (Extension)/Info.plist";
				INFOPLIST_KEY_CFBundleDisplayName = "watchtower Extension";
				INFOPLIST_KEY_NSHumanReadableCopyright = "";
				LD_RUNPATH_SEARCH_PATHS = (
					"$(inherited)",
					"@executable_path/../Frameworks",
					"@executable_path/../../../../Frameworks",
				);
				MACOSX_DEPLOYMENT_TARGET = 10.14;
				MARKETING_VERSION = 1.0;
				OTHER_LDFLAGS = (
					"-framework",
					SafariServices,
				);
				PRODUCT_BUNDLE_IDENTIFIER = com.coffeeanniversary.watchtower.Extension;
				PRODUCT_NAME = "watchtower Extension";
				SDKROOT = macosx;
				SKIP_INSTALL = YES;
				STRING_CATALOG_GENERATE_SYMBOLS = YES;
				SWIFT_APPROACHABLE_CONCURRENCY = YES;
				SWIFT_EMIT_LOC_STRINGS = YES;
				SWIFT_UPCOMING_FEATURE_MEMBER_IMPORT_VISIBILITY = YES;
				SWIFT_VERSION = 5.0;
			};
			name = Release;
		};
		17BAA1C02F78250A00DDC21A /* Debug */ = {
			isa = XCBuildConfiguration;
			buildSettings = {
				ASSETCATALOG_COMPILER_APPICON_NAME = AppIcon;
				ASSETCATALOG_COMPILER_GLOBAL_ACCENT_COLOR_NAME = AccentColor;
				CODE_SIGN_STYLE = Automatic;
				CURRENT_PROJECT_VERSION = 1;
				ENABLE_APP_SANDBOX = YES;
				ENABLE_HARDENED_RUNTIME = YES;
				ENABLE_OUTGOING_NETWORK_CONNECTIONS = YES;
				ENABLE_USER_SELECTED_FILES = readonly;
				GENERATE_INFOPLIST_FILE = YES;
				INFOPLIST_KEY_CFBundleDisplayName = watchtower;
				INFOPLIST_KEY_NSMainStoryboardFile = Main;
				INFOPLIST_KEY_NSPrincipalClass = NSApplication;
				LD_RUNPATH_SEARCH_PATHS = (
					"$(inherited)",
					"@executable_path/../Frameworks",
				);
				MACOSX_DEPLOYMENT_TARGET = 10.14;
				MARKETING_VERSION = 1.0;
				OTHER_LDFLAGS = (
					"-framework",
					SafariServices,
					"-framework",
					WebKit,
				);
				PRODUCT_BUNDLE_IDENTIFIER = com.coffeeanniversary.watchtower;
				PRODUCT_NAME = watchtower;
				REGISTER_APP_GROUPS = YES;
				SDKROOT = macosx;
				STRING_CATALOG_GENERATE_SYMBOLS = YES;
				SWIFT_APPROACHABLE_CONCURRENCY = YES;
				SWIFT_DEFAULT_ACTOR_ISOLATION = MainActor;
				SWIFT_EMIT_LOC_STRINGS = YES;
				SWIFT_UPCOMING_FEATURE_MEMBER_IMPORT_VISIBILITY = YES;
				SWIFT_VERSION = 5.0;
			};
			name = Debug;
		};
		17BAA1C12F78250A00DDC21A /* Release */ = {
			isa = XCBuildConfiguration;
			buildSettings = {
				ASSETCATALOG_COMPILER_APPICON_NAME = AppIcon;
				ASSETCATALOG_COMPILER_GLOBAL_ACCENT_COLOR_NAME = AccentColor;
				CODE_SIGN_STYLE = Automatic;
				CURRENT_PROJECT_VERSION = 1;
				ENABLE_APP_SANDBOX = YES;
				ENABLE_HARDENED_RUNTIME = YES;
				ENABLE_OUTGOING_NETWORK_CONNECTIONS = YES;
				ENABLE_USER_SELECTED_FILES = readonly;
				GENERATE_INFOPLIST_FILE = YES;
				INFOPLIST_KEY_CFBundleDisplayName = watchtower;
				INFOPLIST_KEY_NSMainStoryboardFile = Main;
				INFOPLIST_KEY_NSPrincipalClass = NSApplication;
				LD_RUNPATH_SEARCH_PATHS = (
					"$(inherited)",
					"@executable_path/../Frameworks",
				);
				MACOSX_DEPLOYMENT_TARGET = 10.14;
				MARKETING_VERSION = 1.0;
				OTHER_LDFLAGS = (
					"-framework",
					SafariServices,
					"-framework",
					WebKit,
				);
				PRODUCT_BUNDLE_IDENTIFIER = com.coffeeanniversary.watchtower;
				PRODUCT_NAME = watchtower;
				REGISTER_APP_GROUPS = YES;
				SDKROOT = macosx;
				STRING_CATALOG_GENERATE_SYMBOLS = YES;
				SWIFT_APPROACHABLE_CONCURRENCY = YES;
				SWIFT_DEFAULT_ACTOR_ISOLATION = MainActor;
				SWIFT_EMIT_LOC_STRINGS = YES;
				SWIFT_UPCOMING_FEATURE_MEMBER_IMPORT_VISIBILITY = YES;
				SWIFT_VERSION = 5.0;
			};
			name = Release;
		};
		17BAA1C42F78250A00DDC21A /* Debug */ = {
			isa = XCBuildConfiguration;
			buildSettings = {
				ALWAYS_SEARCH_USER_PATHS = NO;
				ASSETCATALOG_COMPILER_GENERATE_SWIFT_ASSET_SYMBOL_EXTENSIONS = YES;
				CLANG_ANALYZER_NONNULL = YES;
				CLANG_ANALYZER_NUMBER_OBJECT_CONVERSION = YES_AGGRESSIVE;
				CLANG_CXX_LANGUAGE_STANDARD = "gnu++20";
				CLANG_ENABLE_MODULES = YES;
				CLANG_ENABLE_OBJC_ARC = YES;
				CLANG_ENABLE_OBJC_WEAK = YES;
				CLANG_WARN_BLOCK_CAPTURE_AUTORELEASING = YES;
				CLANG_WARN_BOOL_CONVERSION = YES;
				CLANG_WARN_COMMA = YES;
				CLANG_WARN_CONSTANT_CONVERSION = YES;
				CLANG_WARN_DEPRECATED_OBJC_IMPLEMENTATIONS = YES;
				CLANG_WARN_DIRECT_OBJC_ISA_USAGE = YES_ERROR;
				CLANG_WARN_DOCUMENTATION_COMMENTS = YES;
				CLANG_WARN_EMPTY_BODY = YES;
				CLANG_WARN_ENUM_CONVERSION = YES;
				CLANG_WARN_INFINITE_RECURSION = YES;
				CLANG_WARN_INT_CONVERSION = YES;
				CLANG_WARN_NON_LITERAL_NULL_CONVERSION = YES;
				CLANG_WARN_OBJC_IMPLICIT_RETAIN_SELF = YES;
				CLANG_WARN_OBJC_LITERAL_CONVERSION = YES;
				CLANG_WARN_OBJC_ROOT_CLASS = YES_ERROR;
				CLANG_WARN_QUOTED_INCLUDE_IN_FRAMEWORK_HEADER = YES;
				CLANG_WARN_RANGE_LOOP_ANALYSIS = YES;
				CLANG_WARN_STRICT_PROTOTYPES = YES;
				CLANG_WARN_SUSPICIOUS_MOVE = YES;
				CLANG_WARN_UNGUARDED_AVAILABILITY = YES_AGGRESSIVE;
				CLANG_WARN_UNREACHABLE_CODE = YES;
				CLANG_WARN__DUPLICATE_METHOD_MATCH = YES;
				COPY_PHASE_STRIP = NO;
				DEBUG_INFORMATION_FORMAT = dwarf;
				ENABLE_STRICT_OBJC_MSGSEND = YES;
				ENABLE_TESTABILITY = YES;
				ENABLE_USER_SCRIPT_SANDBOXING = YES;
				GCC_C_LANGUAGE_STANDARD = gnu17;
				GCC_DYNAMIC_NO_PIC = NO;
				GCC_NO_COMMON_BLOCKS = YES;
				GCC_OPTIMIZATION_LEVEL = 0;
				GCC_PREPROCESSOR_DEFINITIONS = (
					"DEBUG=1",
					"$(inherited)",
				);
				GCC_WARN_64_TO_32_BIT_CONVERSION = YES;
				GCC_WARN_ABOUT_RETURN_TYPE = YES_ERROR;
				GCC_WARN_UNDECLARED_SELECTOR = YES;
				GCC_WARN_UNINITIALIZED_AUTOS = YES_AGGRESSIVE;
				GCC_WARN_UNUSED_FUNCTION = YES;
				GCC_WARN_UNUSED_VARIABLE = YES;
				LOCALIZATION_PREFERS_STRING_CATALOGS = YES;
				MTL_ENABLE_DEBUG_INFO = INCLUDE_SOURCE;
				MTL_FAST_MATH = YES;
				ONLY_ACTIVE_ARCH = YES;
				SWIFT_ACTIVE_COMPILATION_CONDITIONS = "DEBUG $(inherited)";
				SWIFT_OPTIMIZATION_LEVEL = "-Onone";
			};
			name = Debug;
		};
		17BAA1C52F78250A00DDC21A /* Release */ = {
			isa = XCBuildConfiguration;
			buildSettings = {
				ALWAYS_SEARCH_USER_PATHS = NO;
				ASSETCATALOG_COMPILER_GENERATE_SWIFT_ASSET_SYMBOL_EXTENSIONS = YES;
				CLANG_ANALYZER_NONNULL = YES;
				CLANG_ANALYZER_NUMBER_OBJECT_CONVERSION = YES_AGGRESSIVE;
				CLANG_CXX_LANGUAGE_STANDARD = "gnu++20";
				CLANG_ENABLE_MODULES = YES;
				CLANG_ENABLE_OBJC_ARC = YES;
				CLANG_ENABLE_OBJC_WEAK = YES;
				CLANG_WARN_BLOCK_CAPTURE_AUTORELEASING = YES;
				CLANG_WARN_BOOL_CONVERSION = YES;
				CLANG_WARN_COMMA = YES;
				CLANG_WARN_CONSTANT_CONVERSION = YES;
				CLANG_WARN_DEPRECATED_OBJC_IMPLEMENTATIONS = YES;
				CLANG_WARN_DIRECT_OBJC_ISA_USAGE = YES_ERROR;
				CLANG_WARN_DOCUMENTATION_COMMENTS = YES;
				CLANG_WARN_EMPTY_BODY = YES;
				CLANG_WARN_ENUM_CONVERSION = YES;
				CLANG_WARN_INFINITE_RECURSION = YES;
				CLANG_WARN_INT_CONVERSION = YES;
				CLANG_WARN_NON_LITERAL_NULL_CONVERSION = YES;
				CLANG_WARN_OBJC_IMPLICIT_RETAIN_SELF = YES;
				CLANG_WARN_OBJC_LITERAL_CONVERSION = YES;
				CLANG_WARN_OBJC_ROOT_CLASS = YES_ERROR;
				CLANG_WARN_QUOTED_INCLUDE_IN_FRAMEWORK_HEADER = YES;
				CLANG_WARN_RANGE_LOOP_ANALYSIS = YES;
				CLANG_WARN_STRICT_PROTOTYPES = YES;
				CLANG_WARN_SUSPICIOUS_MOVE = YES;
				CLANG_WARN_UNGUARDED_AVAILABILITY = YES_AGGRESSIVE;
				CLANG_WARN_UNREACHABLE_CODE = YES;
				CLANG_WARN__DUPLICATE_METHOD_MATCH = YES;
				COPY_PHASE_STRIP = NO;
				DEBUG_INFORMATION_FORMAT = "dwarf-with-dsym";
				ENABLE_NS_ASSERTIONS = NO;
				ENABLE_STRICT_OBJC_MSGSEND = YES;
				ENABLE_USER_SCRIPT_SANDBOXING = YES;
				GCC_C_LANGUAGE_STANDARD = gnu17;
				GCC_NO_COMMON_BLOCKS = YES;
				GCC_WARN_64_TO_32_BIT_CONVERSION = YES;
				GCC_WARN_ABOUT_RETURN_TYPE = YES_ERROR;
				GCC_WARN_UNDECLARED_SELECTOR = YES;
				GCC_WARN_UNINITIALIZED_AUTOS = YES_AGGRESSIVE;
				GCC_WARN_UNUSED_FUNCTION = YES;
				GCC_WARN_UNUSED_VARIABLE = YES;
				LOCALIZATION_PREFERS_STRING_CATALOGS = YES;
				MTL_ENABLE_DEBUG_INFO = NO;
				MTL_FAST_MATH = YES;
				SWIFT_COMPILATION_MODE = wholemodule;
			};
			name = Release;
		};
/* End XCBuildConfiguration section */

/* Begin XCConfigurationList section */
		17BAA14B2F78250800DDC21A /* Build configuration list for PBXProject "watchtower" */ = {
			isa = XCConfigurationList;
			buildConfigurations = (
				17BAA1C42F78250A00DDC21A /* Debug */,
				17BAA1C52F78250A00DDC21A /* Release */,
			);
			defaultConfigurationIsVisible = 0;
			defaultConfigurationName = Release;
		};
		17BAA1B02F78250A00DDC21A /* Build configuration list for PBXNativeTarget "watchtower Extension (iOS)" */ = {
			isa = XCConfigurationList;
			buildConfigurations = (
				17BAA1B12F78250A00DDC21A /* Debug */,
				17BAA1B22F78250A00DDC21A /* Release */,
			);
			defaultConfigurationIsVisible = 0;
			defaultConfigurationName = Release;
		};
		17BAA1B52F78250A00DDC21A /* Build configuration list for PBXNativeTarget "watchtower (iOS)" */ = {
			isa = XCConfigurationList;
			buildConfigurations = (
				17BAA1B62F78250A00DDC21A /* Debug */,
				17BAA1B72F78250A00DDC21A /* Release */,
			);
			defaultConfigurationIsVisible = 0;
			defaultConfigurationName = Release;
		};
		17BAA1BA2F78250A00DDC21A /* Build configuration list for PBXNativeTarget "watchtower Extension (macOS)" */ = {
			isa = XCConfigurationList;
			buildConfigurations = (
				17BAA1BB2F78250A00DDC21A /* Debug */,
				17BAA1BC2F78250A00DDC21A /* Release */,
			);
			defaultConfigurationIsVisible = 0;
			defaultConfigurationName = Release;
		};
		17BAA1BF2F78250A00DDC21A /* Build configuration list for PBXNativeTarget "watchtower (macOS)" */ = {
			isa = XCConfigurationList;
			buildConfigurations = (
				17BAA1C02F78250A00DDC21A /* Debug */,
				17BAA1C12F78250A00DDC21A /* Release */,
			);
			defaultConfigurationIsVisible = 0;
			defaultConfigurationName = Release;
		};
/* End XCConfigurationList section */
	};
	rootObject = 17BAA1482F78250800DDC21A /* Project object */;
}
